
Microsoft Visual Studio Solution File, Format Version 12.00
# Visual Studio 15
VisualStudioVersion = 15.0.26430.13
MinimumVisualStudioVersion = 10.0.40219.1
Project("{8BC9CEB8-8B4A-11D0-8D11-00A0C91BC942}") = "Temperature_and_Humidity", "..\Temperature_and_Humidity\Temperature_and_Humidity\Temperature_and_Humidity.vcxproj", "{C5F80730-F44F-4478-BDAE-6634EFC2CA88}"
EndProject
Project("{8BC9CEB8-8B4A-11D0-8D11-00A0C91BC942}") = "Ventilation", "..\Ventilation\Ventilation\Ventilation.vcxproj", "{F0DE8F11-7C03-4F1F-8D36-D94E71A7B9BF}"
EndProject
Project("{8BC9CEB8-8B4A-11D0-8D11-00A0C91BC942}") = "Water_Sensor", "Water_Sensor\Water_Sensor.vcxproj", "{9793BB6D-0CA0-47BB-80CD-0671BD453D51}"
EndProject
Project("{8BC9CEB8-8B4A-11D0-8D11-00A0C91BC942}") = "Flame_Sensor", "Flame_Sensor\Flame_Sensor.vcxproj", "{6E8EAE39-A0CB-4C4C-A75B-F85FE174E3E3}"
EndProject
Project("{8BC9CEB8-8B4A-11D0-8D11-00A0C91BC942}") = "Gas_n_Smoke", "Gas_n_Smoke\Gas_n_Smoke.vcxproj", "{F060716C-2107-4FF9-B62E-9543BA323F4F}"
EndProject
Project("{8BC9CEB8-8B4A-11D0-8D11-00A0C91BC942}") = "Monitor_Screen", "Monitor_Screen\Monitor_Screen.vcxproj", "{9B82CDB9-39B5-44B9-BC91-C2EC6B348EA2}"
EndProject
Project("{8BC9CEB8-8B4A-11D0-8D11-00A0C91BC942}") = "light_sensor", "light_sensor\light_sensor.vcxproj", "{723D5785-CA1E-4E05-A00E-8864E5263CFC}"
EndProject
Project("{8BC9CEB8-8B4A-11D0-8D11-00A0C91BC942}") = "pir_sensor", "pir_sensor\pir_sensor.vcxproj", "{AADF4C2F-D2D3-4B26-9143-9920159F8485}"
EndProject
Project("{8BC9CEB8-8B4A-11D0-8D11-00A0C91BC942}") = "magnetic_sensor", "magnetic_sensor\magnetic_sensor.vcxproj", "{5882747B-81D0-4643-B29D-39F6168524BB}"
EndProject
Project("{8BC9CEB8-8B4A-11D0-8D11-00A0C91BC942}") = "Panic_Button", "Panic_Button\Panic_Button.vcxproj", "{C6F206C4-6DD3-4926-A057-E5E6F67D3B36}"
EndProject
Project("{8BC9CEB8-8B4A-11D0-8D11-00A0C91BC942}") = "RFID_alarm", "RFID_alarm\RFID_alarm.vcxproj", "{ECB7BAB4-BF25-4FA7-9842-0AAD50B157A3}"
EndProject
Project("{8BC9CEB8-8B4A-11D0-8D11-00A0C91BC942}") = "Alarm_Buzzer", "Alarm_Buzzer\Alarm_Buzzer.vcxproj", "{69D27B9E-FEDD-4ACE-B348-676D5158CC74}"
EndProject
Project("{8BC9CEB8-8B4A-11D0-8D11-00A0C91BC942}") = "room_magnetic_sensor", "room_magnetic_sensor\room_magnetic_sensor.vcxproj", "{AA9F38D4-2F2B-42D0-90F6-A476C17D8477}"
EndProject
Global
	GlobalSection(SolutionConfigurationPlatforms) = preSolution
		Debug|x86 = Debug|x86
		Release|x86 = Release|x86
	EndGlobalSection
	GlobalSection(ProjectConfigurationPlatforms) = postSolution
		{C5F80730-F44F-4478-BDAE-6634EFC2CA88}.Debug|x86.ActiveCfg = Debug|Win32
		{C5F80730-F44F-4478-BDAE-6634EFC2CA88}.Debug|x86.Build.0 = Debug|Win32
		{C5F80730-F44F-4478-BDAE-6634EFC2CA88}.Release|x86.ActiveCfg = Release|Win32
		{C5F80730-F44F-4478-BDAE-6634EFC2CA88}.Release|x86.Build.0 = Release|Win32
		{F0DE8F11-7C03-4F1F-8D36-D94E71A7B9BF}.Debug|x86.ActiveCfg = Debug|Win32
		{F0DE8F11-7C03-4F1F-8D36-D94E71A7B9BF}.Debug|x86.Build.0 = Debug|Win32
		{F0DE8F11-7C03-4F1F-8D36-D94E71A7B9BF}.Release|x86.ActiveCfg = Release|Win32
		{F0DE8F11-7C03-4F1F-8D36-D94E71A7B9BF}.Release|x86.Build.0 = Release|Win32
		{9793BB6D-0CA0-47BB-80CD-0671BD453D51}.Debug|x86.ActiveCfg = Debug|Win32
		{9793BB6D-0CA0-47BB-80CD-0671BD453D51}.Debug|x86.Build.0 = Debug|Win32
		{9793BB6D-0CA0-47BB-80CD-0671BD453D51}.Release|x86.ActiveCfg = Release|Win32
		{9793BB6D-0CA0-47BB-80CD-0671BD453D51}.Release|x86.Build.0 = Release|Win32
		{6E8EAE39-A0CB-4C4C-A75B-F85FE174E3E3}.Debug|x86.ActiveCfg = Debug|Win32
		{6E8EAE39-A0CB-4C4C-A75B-F85FE174E3E3}.Debug|x86.Build.0 = Debug|Win32
		{6E8EAE39-A0CB-4C4C-A75B-F85FE174E3E3}.Release|x86.ActiveCfg = Release|Win32
		{6E8EAE39-A0CB-4C4C-A75B-F85FE174E3E3}.Release|x86.Build.0 = Release|Win32
		{F060716C-2107-4FF9-B62E-9543BA323F4F}.Debug|x86.ActiveCfg = Debug|Win32
		{F060716C-2107-4FF9-B62E-9543BA323F4F}.Debug|x86.Build.0 = Debug|Win32
		{F060716C-2107-4FF9-B62E-9543BA323F4F}.Release|x86.ActiveCfg = Release|Win32
		{F060716C-2107-4FF9-B62E-9543BA323F4F}.Release|x86.Build.0 = Release|Win32
		{9B82CDB9-39B5-44B9-BC91-C2EC6B348EA2}.Debug|x86.ActiveCfg = Debug|Win32
		{9B82CDB9-39B5-44B9-BC91-C2EC6B348EA2}.Debug|x86.Build.0 = Debug|Win32
		{9B82CDB9-39B5-44B9-BC91-C2EC6B348EA2}.Release|x86.ActiveCfg = Release|Win32
		{9B82CDB9-39B5-44B9-BC91-C2EC6B348EA2}.Release|x86.Build.0 = Release|Win32
		{723D5785-CA1E-4E05-A00E-8864E5263CFC}.Debug|x86.ActiveCfg = Debug|Win32
		{723D5785-CA1E-4E05-A00E-8864E5263CFC}.Debug|x86.Build.0 = Debug|Win32
		{723D5785-CA1E-4E05-A00E-8864E5263CFC}.Release|x86.ActiveCfg = Release|Win32
		{723D5785-CA1E-4E05-A00E-8864E5263CFC}.Release|x86.Build.0 = Release|Win32
		{AADF4C2F-D2D3-4B26-9143-9920159F8485}.Debug|x86.ActiveCfg = Debug|Win32
		{AADF4C2F-D2D3-4B26-9143-9920159F8485}.Debug|x86.Build.0 = Debug|Win32
		{AADF4C2F-D2D3-4B26-9143-9920159F8485}.Release|x86.ActiveCfg = Release|Win32
		{AADF4C2F-D2D3-4B26-9143-9920159F8485}.Release|x86.Build.0 = Release|Win32
		{5882747B-81D0-4643-B29D-39F6168524BB}.Debug|x86.ActiveCfg = Debug|Win32
		{5882747B-81D0-4643-B29D-39F6168524BB}.Debug|x86.Build.0 = Debug|Win32
		{5882747B-81D0-4643-B29D-39F6168524BB}.Release|x86.ActiveCfg = Release|Win32
		{5882747B-81D0-4643-B29D-39F6168524BB}.Release|x86.Build.0 = Release|Win32
		{C6F206C4-6DD3-4926-A057-E5E6F67D3B36}.Debug|x86.ActiveCfg = Debug|Win32
		{C6F206C4-6DD3-4926-A057-E5E6F67D3B36}.Debug|x86.Build.0 = Debug|Win32
		{C6F206C4-6DD3-4926-A057-E5E6F67D3B36}.Release|x86.ActiveCfg = Release|Win32
		{C6F206C4-6DD3-4926-A057-E5E6F67D3B36}.Release|x86.Build.0 = Release|Win32
		{ECB7BAB4-BF25-4FA7-9842-0AAD50B157A3}.Debug|x86.ActiveCfg = Debug|Win32
		{ECB7BAB4-BF25-4FA7-9842-0AAD50B157A3}.Debug|x86.Build.0 = Debug|Win32
		{ECB7BAB4-BF25-4FA7-9842-0AAD50B157A3}.Release|x86.ActiveCfg = Release|Win32
		{ECB7BAB4-BF25-4FA7-9842-0AAD50B157A3}.Release|x86.Build.0 = Release|Win32
		{69D27B9E-FEDD-4ACE-B348-676D5158CC74}.Debug|x86.ActiveCfg = Debug|Win32
		{69D27B9E-FEDD-4ACE-B348-676D5158CC74}.Debug|x86.Build.0 = Debug|Win32
		{69D27B9E-FEDD-4ACE-B348-676D5158CC74}.Release|x86.ActiveCfg = Release|Win32
		{69D27B9E-FEDD-4ACE-B348-676D5158CC74}.Release|x86.Build.0 = Release|Win32
		{AA9F38D4-2F2B-42D0-90F6-A476C17D8477}.Debug|x86.ActiveCfg = Debug|Win32
		{AA9F38D4-2F2B-42D0-90F6-A476C17D8477}.Debug|x86.Build.0 = Debug|Win32
		{AA9F38D4-2F2B-42D0-90F6-A476C17D8477}.Release|x86.ActiveCfg = Release|Win32
		{AA9F38D4-2F2B-42D0-90F6-A476C17D8477}.Release|x86.Build.0 = Release|Win32
	EndGlobalSection
	GlobalSection(SolutionProperties) = preSolution
		HideSolutionNode = FALSE
	EndGlobalSection
EndGlobal
